
Microsoft Visual Studio Solution File, Format Version 11.00
# Visual Studio 2010
# SharpDevelop 5.1
Project("{FAE04EC0-301F-11D3-BF4B-00C04F79EFBC}") = "DE", "DE\DE.csproj", "{609CBF09-07ED-4AB0-8389-78C103DC60F8}"
EndProject
Global
	GlobalSection(SolutionConfigurationPlatforms) = preSolution
		Debug|Any CPU = Debug|Any CPU
		Release|Any CPU = Release|Any CPU
	EndGlobalSection
	GlobalSection(ProjectConfigurationPlatforms) = postSolution
		{609CBF09-07ED-4AB0-8389-78C103DC60F8}.Debug|Any CPU.ActiveCfg = Debug|Any CPU
		{609CBF09-07ED-4AB0-8389-78C103DC60F8}.Debug|Any CPU.Build.0 = Debug|Any CPU
		{609CBF09-07ED-4AB0-8389-78C103DC60F8}.Release|Any CPU.ActiveCfg = Release|Any CPU
		{609CBF09-07ED-4AB0-8389-78C103DC60F8}.Release|Any CPU.Build.0 = Release|Any CPU
	EndGlobalSection
EndGlobal
